PODS:
  - AFNetworking (1.3.1)
  - SNRHUDKit (0.1.0)

DEPENDENCIES:
  - AFNetworking
  - SNRHUDKit (from `https://github.com/bitwalker/SNRHUDKit`)

EXTERNAL SOURCES:
  SNRHUDKit:
    :git: https://github.com/bitwalker/SNRHUDKit

SPEC CHECKSUMS:
  AFNetworking: 9ec8aafb9269236a7630bd8d9838ce2ba30fa2a0
  SNRHUDKit: 2a3a7afaf614870e115d55e18cf2f1d9be2257c0

COCOAPODS: 0.22.0
